{
  "name": "Frontend",
  "lockfileVersion": 2,
  "requires": true,
  "packages": {
    "": {
      "dependencies": {
        "react-stars": "^2.2.5"
      }
    },
    "node_modules/react-stars": {
      "version": "2.2.5",
      "resolved": "https://registry.npmjs.org/react-stars/-/react-stars-2.2.5.tgz",
      "integrity": "sha1-kRhSAY4VdKD5osHfpPC8mvBxuSE="
    }
  },
  "dependencies": {
    "react-stars": {
      "version": "2.2.5",
      "resolved": "https://registry.npmjs.org/react-stars/-/react-stars-2.2.5.tgz",
      "integrity": "sha1-kRhSAY4VdKD5osHfpPC8mvBxuSE="
    }
  }
}
